{
  "version": 4,
  "terraform_version": "1.5.3",
  "serial": 8,
  "lineage": "96720028-3eea-d18f-3746-30cb635f6d73",
  "outputs": {},
  "resources": [
    {
      "mode": "managed",
      "type": "azurecaf_name",
      "name": "terraform-storage-account",
      "provider": "provider[\"registry.terraform.io/aztfmod/azurecaf\"]",
      "instances": [
        {
          "schema_version": 4,
          "attributes": {
            "clean_input": true,
            "id": "YXp1cmVybV9zdG9yYWdlX2FjY291bnQJc3RjY2N3ZWJhcHA=",
            "name": "ccc-webapp",
            "passthrough": false,
            "prefixes": null,
            "random_length": 0,
            "random_seed": 1692562756815037,
            "random_string": "",
            "resource_type": "azurerm_storage_account",
            "resource_types": null,
            "result": "stcccwebapp",
            "results": {
              "azurerm_storage_account": "stcccwebapp"
            },
            "separator": "-",
            "suffixes": null,
            "use_slug": true
          },
          "sensitive_attributes": [],
          "private": "eyJzY2hlbWFfdmVyc2lvbiI6IjQifQ=="
        }
      ]
    }
  ],
  "check_results": null
}
